
Microsoft Visual Studio Solution File, Format Version 12.00
# Visual Studio 14
VisualStudioVersion = 14.0.24720.0
MinimumVisualStudioVersion = 10.0.40219.1
Project("{FAE04EC0-301F-11D3-BF4B-00C04F79EFBC}") = "LuxurySaleCenter", "LuxurySaleCenter\LuxurySaleCenter.csproj", "{39F80BA2-877F-424B-A18B-B8ADBD59903F}"
EndProject
Project("{FAE04EC0-301F-11D3-BF4B-00C04F79EFBC}") = "DAL", "DAL\DAL.csproj", "{55A7B4D3-5CD5-4CA6-8A22-EDF485F94496}"
EndProject
Global
	GlobalSection(SolutionConfigurationPlatforms) = preSolution
		Debug|Any CPU = Debug|Any CPU
		Release|Any CPU = Release|Any CPU
	EndGlobalSection
	GlobalSection(ProjectConfigurationPlatforms) = postSolution
		{39F80BA2-877F-424B-A18B-B8ADBD59903F}.Debug|Any CPU.ActiveCfg = Debug|Any CPU
		{39F80BA2-877F-424B-A18B-B8ADBD59903F}.Debug|Any CPU.Build.0 = Debug|Any CPU
		{39F80BA2-877F-424B-A18B-B8ADBD59903F}.Release|Any CPU.ActiveCfg = Release|Any CPU
		{39F80BA2-877F-424B-A18B-B8ADBD59903F}.Release|Any CPU.Build.0 = Release|Any CPU
		{55A7B4D3-5CD5-4CA6-8A22-EDF485F94496}.Debug|Any CPU.ActiveCfg = Debug|Any CPU
		{55A7B4D3-5CD5-4CA6-8A22-EDF485F94496}.Debug|Any CPU.Build.0 = Debug|Any CPU
		{55A7B4D3-5CD5-4CA6-8A22-EDF485F94496}.Release|Any CPU.ActiveCfg = Release|Any CPU
		{55A7B4D3-5CD5-4CA6-8A22-EDF485F94496}.Release|Any CPU.Build.0 = Release|Any CPU
	EndGlobalSection
	GlobalSection(SolutionProperties) = preSolution
		HideSolutionNode = FALSE
	EndGlobalSection
EndGlobal
